// !$*UTF8*$!
{
	archiveVersion = 1;
	classes = {
	};
	objectVersion = 46;
	objects = {

/* Begin PBXBuildFile section */
		BE3F7A241BD70B8400388823 /* AppDelegate.swift in Sources */ = {isa = PBXBuildFile; fileRef = BE3F7A231BD70B8400388823 /* AppDelegate.swift */; };
		BE3F7A261BD70B8400388823 /* ViewController.swift in Sources */ = {isa = PBXBuildFile; fileRef = BE3F7A251BD70B8400388823 /* ViewController.swift */; };
		BE3F7A291BD70B8400388823 /* Main.storyboard in Resources */ = {isa = PBXBuildFile; fileRef = BE3F7A271BD70B8400388823 /* Main.storyboard */; };
		BE3F7A2B1BD70B8400388823 /* Assets.xcassets in Resources */ = {isa = PBXBuildFile; fileRef = BE3F7A2A1BD70B8400388823 /* Assets.xcassets */; };
		BE3F7A2E1BD70B8400388823 /* LaunchScreen.storyboard in Resources */ = {isa = PBXBuildFile; fileRef = BE3F7A2C1BD70B8400388823 /* LaunchScreen.storyboard */; };
		BE3F7A391BD70B8400388823 /* RoshamboTests.swift in Sources */ = {isa = PBXBuildFile; fileRef = BE3F7A381BD70B8400388823 /* RoshamboTests.swift */; };
		BE3F7A441BD70B8400388823 /* RoshamboUITests.swift in Sources */ = {isa = PBXBuildFile; fileRef = BE3F7A431BD70B8400388823 /* RoshamboUITests.swift */; };
		BE3F7A541BD70D3900388823 /* ResultViewController.swift in Sources */ = {isa = PBXBuildFile; fileRef = BE3F7A531BD70D3900388823 /* ResultViewController.swift */; settings = {ASSET_TAGS = (); }; };
/* End PBXBuildFile section */

/* Begin PBXContainerItemProxy section */
		BE3F7A351BD70B8400388823 /* PBXContainerItemProxy */ = {
			isa = PBXContainerItemProxy;
			containerPortal = BE3F7A181BD70B8400388823 /* Project object */;
			proxyType = 1;
			remoteGlobalIDString = BE3F7A1F1BD70B8400388823;
			remoteInfo = Roshambo;
		};
		BE3F7A401BD70B8400388823 /* PBXContainerItemProxy */ = {
			isa = PBXContainerItemProxy;
			containerPortal = BE3F7A181BD70B8400388823 /* Project object */;
			proxyType = 1;
			remoteGlobalIDString = BE3F7A1F1BD70B8400388823;
			remoteInfo = Roshambo;
		};
/* End PBXContainerItemProxy section */

/* Begin PBXFileReference section */
		BE3F7A201BD70B8400388823 /* Roshambo.app */ = {isa = PBXFileReference; explicitFileType = wrapper.application; includeInIndex = 0; path = Roshambo.app; sourceTree = BUILT_PRODUCTS_DIR; };
		BE3F7A231BD70B8400388823 /* AppDelegate.swift */ = {isa = PBXFileReference; lastKnownFileType = sourcecode.swift; path = AppDelegate.swift; sourceTree = "<group>"; };
		BE3F7A251BD70B8400388823 /* ViewController.swift */ = {isa = PBXFileReference; lastKnownFileType = sourcecode.swift; path = ViewController.swift; sourceTree = "<group>"; };
		BE3F7A281BD70B8400388823 /* Base */ = {isa = PBXFileReference; lastKnownFileType = file.storyboard; name = Base; path = Base.lproj/Main.storyboard; sourceTree = "<group>"; };
		BE3F7A2A1BD70B8400388823 /* Assets.xcassets */ = {isa = PBXFileReference; lastKnownFileType = folder.assetcatalog; path = Assets.xcassets; sourceTree = "<group>"; };
		BE3F7A2D1BD70B8400388823 /* Base */ = {isa = PBXFileReference; lastKnownFileType = file.storyboard; name = Base; path = Base.lproj/LaunchScreen.storyboard; sourceTree = "<group>"; };
		BE3F7A2F1BD70B8400388823 /* Info.plist */ = {isa = PBXFileReference; lastKnownFileType = text.plist.xml; path = Info.plist; sourceTree = "<group>"; };
		BE3F7A341BD70B8400388823 /* RoshamboTests.xctest */ = {isa = PBXFileReference; explicitFileType = wrapper.cfbundle; includeInIndex = 0; path = RoshamboTests.xctest; sourceTree = BUILT_PRODUCTS_DIR; };
		BE3F7A381BD70B8400388823 /* RoshamboTests.swift */ = {isa = PBXFileReference; lastKnownFileType = sourcecode.swift; path = RoshamboTests.swift; sourceTree = "<group>"; };
		BE3F7A3A1BD70B8400388823 /* Info.plist */ = {isa = PBXFileReference; lastKnownFileType = text.plist.xml; path = Info.plist; sourceTree = "<group>"; };
		BE3F7A3F1BD70B8400388823 /* RoshamboUITests.xctest */ = {isa = PBXFileReference; explicitFileType = wrapper.cfbundle; includeInIndex = 0; path = RoshamboUITests.xctest; sourceTree = BUILT_PRODUCTS_DIR; };
		BE3F7A431BD70B8400388823 /* RoshamboUITests.swift */ = {isa = PBXFileReference; lastKnownFileType = sourcecode.swift; path = RoshamboUITests.swift; sourceTree = "<group>"; };
		BE3F7A451BD70B8400388823 /* Info.plist */ = {isa = PBXFileReference; lastKnownFileType = text.plist.xml; path = Info.plist; sourceTree = "<group>"; };
		BE3F7A531BD70D3900388823 /* ResultViewController.swift */ = {isa = PBXFileReference; fileEncoding = 4; lastKnownFileType = sourcecode.swift; path = ResultViewController.swift; sourceTree = "<group>"; };
/* End PBXFileReference section */

/* Begin PBXFrameworksBuildPhase section */
		BE3F7A1D1BD70B8400388823 /* Frameworks */ = {
			isa = PBXFrameworksBuildPhase;
			buildActionMask = 2147483647;
			files = (
			);
			runOnlyForDeploymentPostprocessing = 0;
		};
		BE3F7A311BD70B8400388823 /* Frameworks */ = {
			isa = PBXFrameworksBuildPhase;
			buildActionMask = 2147483647;
			files = (
			);
			runOnlyForDeploymentPostprocessing = 0;
		};
		BE3F7A3C1BD70B8400388823 /* Frameworks */ = {
			isa = PBXFrameworksBuildPhase;
			buildActionMask = 2147483647;
			files = (
			);
			runOnlyForDeploymentPostprocessing = 0;
		};
/* End PBXFrameworksBuildPhase section */

/* Begin PBXGroup section */
		BE3F7A171BD70B8400388823 = {
			isa = PBXGroup;
			children = (
				BE3F7A221BD70B8400388823 /* Roshambo */,
				BE3F7A371BD70B8400388823 /* RoshamboTests */,
				BE3F7A421BD70B8400388823 /* RoshamboUITests */,
				BE3F7A211BD70B8400388823 /* Products */,
			);
			sourceTree = "<group>";
		};
		BE3F7A211BD70B8400388823 /* Products */ = {
			isa = PBXGroup;
			children = (
				BE3F7A201BD70B8400388823 /* Roshambo.app */,
				BE3F7A341BD70B8400388823 /* RoshamboTests.xctest */,
				BE3F7A3F1BD70B8400388823 /* RoshamboUITests.xctest */,
			);
			name = Products;
			sourceTree = "<group>";
		};
		BE3F7A221BD70B8400388823 /* Roshambo */ = {
			isa = PBXGroup;
			children = (
				BE3F7A231BD70B8400388823 /* AppDelegate.swift */,
				BE3F7A251BD70B8400388823 /* ViewController.swift */,
				BE3F7A531BD70D3900388823 /* ResultViewController.swift */,
				BE3F7A271BD70B8400388823 /* Main.storyboard */,
				BE3F7A2A1BD70B8400388823 /* Assets.xcassets */,
				BE3F7A2C1BD70B8400388823 /* LaunchScreen.storyboard */,
				BE3F7A2F1BD70B8400388823 /* Info.plist */,
			);
			path = Roshambo;
			sourceTree = "<group>";
		};
		BE3F7A371BD70B8400388823 /* RoshamboTests */ = {
			isa = PBXGroup;
			children = (
				BE3F7A381BD70B8400388823 /* RoshamboTests.swift */,
				BE3F7A3A1BD70B8400388823 /* Info.plist */,
			);
			path = RoshamboTests;
			sourceTree = "<group>";
		};
		BE3F7A421BD70B8400388823 /* RoshamboUITests */ = {
			isa = PBXGroup;
			children = (
				BE3F7A431BD70B8400388823 /* RoshamboUITests.swift */,
				BE3F7A451BD70B8400388823 /* Info.plist */,
			);
			path = RoshamboUITests;
			sourceTree = "<group>";
		};
/* End PBXGroup section */

/* Begin PBXNativeTarget section */
		BE3F7A1F1BD70B8400388823 /* Roshambo */ = {
			isa = PBXNativeTarget;
			buildConfigurationList = BE3F7A481BD70B8400388823 /* Build configuration list for PBXNativeTarget "Roshambo" */;
			buildPhases = (
				BE3F7A1C1BD70B8400388823 /* Sources */,
				BE3F7A1D1BD70B8400388823 /* Frameworks */,
				BE3F7A1E1BD70B8400388823 /* Resources */,
			);
			buildRules = (
			);
			dependencies = (
			);
			name = Roshambo;
			productName = Roshambo;
			productReference = BE3F7A201BD70B8400388823 /* Roshambo.app */;
			productType = "com.apple.product-type.application";
		};
		BE3F7A331BD70B8400388823 /* RoshamboTests */ = {
			isa = PBXNativeTarget;
			buildConfigurationList = BE3F7A4B1BD70B8400388823 /* Build configuration list for PBXNativeTarget "RoshamboTests" */;
			buildPhases = (
				BE3F7A301BD70B8400388823 /* Sources */,
				BE3F7A311BD70B8400388823 /* Frameworks */,
				BE3F7A321BD70B8400388823 /* Resources */,
			);
			buildRules = (
			);
			dependencies = (
				BE3F7A361BD70B8400388823 /* PBXTargetDependency */,
			);
			name = RoshamboTests;
			productName = RoshamboTests;
			productReference = BE3F7A341BD70B8400388823 /* RoshamboTests.xctest */;
			productType = "com.apple.product-type.bundle.unit-test";
		};
		BE3F7A3E1BD70B8400388823 /* RoshamboUITests */ = {
			isa = PBXNativeTarget;
			buildConfigurationList = BE3F7A4E1BD70B8400388823 /* Build configuration list for PBXNativeTarget "RoshamboUITests" */;
			buildPhases = (
				BE3F7A3B1BD70B8400388823 /* Sources */,
				BE3F7A3C1BD70B8400388823 /* Frameworks */,
				BE3F7A3D1BD70B8400388823 /* Resources */,
			);
			buildRules = (
			);
			dependencies = (
				BE3F7A411BD70B8400388823 /* PBXTargetDependency */,
			);
			name = RoshamboUITests;
			productName = RoshamboUITests;
			productReference = BE3F7A3F1BD70B8400388823 /* RoshamboUITests.xctest */;
			productType = "com.apple.product-type.bundle.ui-testing";
		};
/* End PBXNativeTarget section */

/* Begin PBXProject section */
		BE3F7A181BD70B8400388823 /* Project object */ = {
			isa = PBXProject;
			attributes = {
				LastUpgradeCheck = 0700;
				ORGANIZATIONNAME = "Li Yin";
				TargetAttributes = {
					BE3F7A1F1BD70B8400388823 = {
						CreatedOnToolsVersion = 7.0;
					};
					BE3F7A331BD70B8400388823 = {
						CreatedOnToolsVersion = 7.0;
						TestTargetID = BE3F7A1F1BD70B8400388823;
					};
					BE3F7A3E1BD70B8400388823 = {
						CreatedOnToolsVersion = 7.0;
						TestTargetID = BE3F7A1F1BD70B8400388823;
					};
				};
			};
			buildConfigurationList = BE3F7A1B1BD70B8400388823 /* Build configuration list for PBXProject "Roshambo" */;
			compatibilityVersion = "Xcode 3.2";
			developmentRegion = English;
			hasScannedForEncodings = 0;
			knownRegions = (
				en,
				Base,
			);
			mainGroup = BE3F7A171BD70B8400388823;
			productRefGroup = BE3F7A211BD70B8400388823 /* Products */;
			projectDirPath = "";
			projectRoot = "";
			targets = (
				BE3F7A1F1BD70B8400388823 /* Roshambo */,
				BE3F7A331BD70B8400388823 /* RoshamboTests */,
				BE3F7A3E1BD70B8400388823 /* RoshamboUITests */,
			);
		};
/* End PBXProject section */

/* Begin PBXResourcesBuildPhase section */
		BE3F7A1E1BD70B8400388823 /* Resources */ = {
			isa = PBXResourcesBuildPhase;
			buildActionMask = 2147483647;
			files = (
				BE3F7A2E1BD70B8400388823 /* LaunchScreen.storyboard in Resources */,
				BE3F7A2B1BD70B8400388823 /* Assets.xcassets in Resources */,
				BE3F7A291BD70B8400388823 /* Main.storyboard in Resources */,
			);
			runOnlyForDeploymentPostprocessing = 0;
		};
		BE3F7A321BD70B8400388823 /* Resources */ = {
			isa = PBXResourcesBuildPhase;
			buildActionMask = 2147483647;
			files = (
			);
			runOnlyForDeploymentPostprocessing = 0;
		};
		BE3F7A3D1BD70B8400388823 /* Resources */ = {
			isa = PBXResourcesBuildPhase;
			buildActionMask = 2147483647;
			files = (
			);
			runOnlyForDeploymentPostprocessing = 0;
		};
/* End PBXResourcesBuildPhase section */

/* Begin PBXSourcesBuildPhase section */
		BE3F7A1C1BD70B8400388823 /* Sources */ = {
			isa = PBXSourcesBuildPhase;
			buildActionMask = 2147483647;
			files = (
				BE3F7A261BD70B8400388823 /* ViewController.swift in Sources */,
				BE3F7A241BD70B8400388823 /* AppDelegate.swift in Sources */,
				BE3F7A541BD70D3900388823 /* ResultViewController.swift in Sources */,
			);
			runOnlyForDeploymentPostprocessing = 0;
		};
		BE3F7A301BD70B8400388823 /* Sources */ = {
			isa = PBXSourcesBuildPhase;
			buildActionMask = 2147483647;
			files = (
				BE3F7A391BD70B8400388823 /* RoshamboTests.swift in Sources */,
			);
			runOnlyForDeploymentPostprocessing = 0;
		};
		BE3F7A3B1BD70B8400388823 /* Sources */ = {
			isa = PBXSourcesBuildPhase;
			buildActionMask = 2147483647;
			files = (
				BE3F7A441BD70B8400388823 /* RoshamboUITests.swift in Sources */,
			);
			runOnlyForDeploymentPostprocessing = 0;
		};
/* End PBXSourcesBuildPhase section */

/* Begin PBXTargetDependency section */
		BE3F7A361BD70B8400388823 /* PBXTargetDependency */ = {
			isa = PBXTargetDependency;
			target = BE3F7A1F1BD70B8400388823 /* Roshambo */;
			targetProxy = BE3F7A351BD70B8400388823 /* PBXContainerItemProxy */;
		};
		BE3F7A411BD70B8400388823 /* PBXTargetDependency */ = {
			isa = PBXTargetDependency;
			target = BE3F7A1F1BD70B8400388823 /* Roshambo */;
			targetProxy = BE3F7A401BD70B8400388823 /* PBXContainerItemProxy */;
		};
/* End PBXTargetDependency section */

/* Begin PBXVariantGroup section */
		BE3F7A271BD70B8400388823 /* Main.storyboard */ = {
			isa = PBXVariantGroup;
			children = (
				BE3F7A281BD70B8400388823 /* Base */,
			);
			name = Main.storyboard;
			sourceTree = "<group>";
		};
		BE3F7A2C1BD70B8400388823 /* LaunchScreen.storyboard */ = {
			isa = PBXVariantGroup;
			children = (
				BE3F7A2D1BD70B8400388823 /* Base */,
			);
			name = LaunchScreen.storyboard;
			sourceTree = "<group>";
		};
/* End PBXVariantGroup section */

/* Begin XCBuildConfiguration section */
		BE3F7A461BD70B8400388823 /* Debug */ = {
			isa = XCBuildConfiguration;
			buildSettings = {
				ALWAYS_SEARCH_USER_PATHS = NO;
				CLANG_CXX_LANGUAGE_STANDARD = "gnu++0x";
				CLANG_CXX_LIBRARY = "libc++";
				CLANG_ENABLE_MODULES = YES;
				CLANG_ENABLE_OBJC_ARC = YES;
				CLANG_WARN_BOOL_CONVERSION = YES;
				CLANG_WARN_CONSTANT_CONVERSION = YES;
				CLANG_WARN_DIRECT_OBJC_ISA_USAGE = YES_ERROR;
				CLANG_WARN_EMPTY_BODY = YES;
				CLANG_WARN_ENUM_CONVERSION = YES;
				CLANG_WARN_INT_CONVERSION = YES;
				CLANG_WARN_OBJC_ROOT_CLASS = YES_ERROR;
				CLANG_WARN_UNREACHABLE_CODE = YES;
				CLANG_WARN__DUPLICATE_METHOD_MATCH = YES;
				"CODE_SIGN_IDENTITY[sdk=iphoneos*]" = "iPhone Developer";
				COPY_PHASE_STRIP = NO;
				DEBUG_INFORMATION_FORMAT = dwarf;
				ENABLE_STRICT_OBJC_MSGSEND = YES;
				ENABLE_TESTABILITY = YES;
				GCC_C_LANGUAGE_STANDARD = gnu99;
				GCC_DYNAMIC_NO_PIC = NO;
				GCC_NO_COMMON_BLOCKS = YES;
				GCC_OPTIMIZATION_LEVEL = 0;
				GCC_PREPROCESSOR_DEFINITIONS = (
					"DEBUG=1",
					"$(inherited)",
				);
				GCC_WARN_64_TO_32_BIT_CONVERSION = YES;
				GCC_WARN_ABOUT_RETURN_TYPE = YES_ERROR;
				GCC_WARN_UNDECLARED_SELECTOR = YES;
				GCC_WARN_UNINITIALIZED_AUTOS = YES_AGGRESSIVE;
				GCC_WARN_UNUSED_FUNCTION = YES;
				GCC_WARN_UNUSED_VARIABLE = YES;
				IPHONEOS_DEPLOYMENT_TARGET = 9.0;
				MTL_ENABLE_DEBUG_INFO = YES;
				ONLY_ACTIVE_ARCH = YES;
				SDKROOT = iphoneos;
				SWIFT_OPTIMIZATION_LEVEL = "-Onone";
				TARGETED_DEVICE_FAMILY = "1,2";
			};
			name = Debug;
		};
		BE3F7A471BD70B8400388823 /* Release */ = {
			isa = XCBuildConfiguration;
			buildSettings = {
				ALWAYS_SEARCH_USER_PATHS = NO;
				CLANG_CXX_LANGUAGE_STANDARD = "gnu++0x";
				CLANG_CXX_LIBRARY = "libc++";
				CLANG_ENABLE_MODULES = YES;
				CLANG_ENABLE_OBJC_ARC = YES;
				CLANG_WARN_BOOL_CONVERSION = YES;
				CLANG_WARN_CONSTANT_CONVERSION = YES;
				CLANG_WARN_DIRECT_OBJC_ISA_USAGE = YES_ERROR;
				CLANG_WARN_EMPTY_BODY = YES;
				CLANG_WARN_ENUM_CONVERSION = YES;
				CLANG_WARN_INT_CONVERSION = YES;
				CLANG_WARN_OBJC_ROOT_CLASS = YES_ERROR;
				CLANG_WARN_UNREACHABLE_CODE = YES;
				CLANG_WARN__DUPLICATE_METHOD_MATCH = YES;
				"CODE_SIGN_IDENTITY[sdk=iphoneos*]" = "iPhone Developer";
				COPY_PHASE_STRIP = NO;
				DEBUG_INFORMATION_FORMAT = "dwarf-with-dsym";
				ENABLE_NS_ASSERTIONS = NO;
				ENABLE_STRICT_OBJC_MSGSEND = YES;
				GCC_C_LANGUAGE_STANDARD = gnu99;
				GCC_NO_COMMON_BLOCKS = YES;
				GCC_WARN_64_TO_32_BIT_CONVERSION = YES;
				GCC_WARN_ABOUT_RETURN_TYPE = YES_ERROR;
				GCC_WARN_UNDECLARED_SELECTOR = YES;
				GCC_WARN_UNINITIALIZED_AUTOS = YES_AGGRESSIVE;
				GCC_WARN_UNUSED_FUNCTION = YES;
				GCC_WARN_UNUSED_VARIABLE = YES;
				IPHONEOS_DEPLOYMENT_TARGET = 9.0;
				MTL_ENABLE_DEBUG_INFO = NO;
				SDKROOT = iphoneos;
				TARGETED_DEVICE_FAMILY = "1,2";
				VALIDATE_PRODUCT = YES;
			};
			name = Release;
		};
		BE3F7A491BD70B8400388823 /* Debug */ = {
			isa = XCBuildConfiguration;
			buildSettings = {
				ASSETCATALOG_COMPILER_APPICON_NAME = AppIcon;
				INFOPLIST_FILE = Roshambo/Info.plist;
				LD_RUNPATH_SEARCH_PATHS = "$(inherited) @executable_path/Frameworks";
				PRODUCT_BUNDLE_IDENTIFIER = sbdk.Roshambo;
				PRODUCT_NAME = "$(TARGET_NAME)";
			};
			name = Debug;
		};
		BE3F7A4A1BD70B8400388823 /* Release */ = {
			isa = XCBuildConfiguration;
			buildSettings = {
				ASSETCATALOG_COMPILER_APPICON_NAME = AppIcon;
				INFOPLIST_FILE = Roshambo/Info.plist;
				LD_RUNPATH_SEARCH_PATHS = "$(inherited) @executable_path/Frameworks";
				PRODUCT_BUNDLE_IDENTIFIER = sbdk.Roshambo;
				PRODUCT_NAME = "$(TARGET_NAME)";
			};
			name = Release;
		};
		BE3F7A4C1BD70B8400388823 /* Debug */ = {
			isa = XCBuildConfiguration;
			buildSettings = {
				BUNDLE_LOADER = "$(TEST_HOST)";
				INFOPLIST_FILE = RoshamboTests/Info.plist;
				LD_RUNPATH_SEARCH_PATHS = "$(inherited) @executable_path/Frameworks @loader_path/Frameworks";
				PRODUCT_BUNDLE_IDENTIFIER = sbdk.RoshamboTests;
				PRODUCT_NAME = "$(TARGET_NAME)";
				TEST_HOST = "$(BUILT_PRODUCTS_DIR)/Roshambo.app/Roshambo";
			};
			name = Debug;
		};
		BE3F7A4D1BD70B8400388823 /* Release */ = {
			isa = XCBuildConfiguration;
			buildSettings = {
				BUNDLE_LOADER = "$(TEST_HOST)";
				INFOPLIST_FILE = RoshamboTests/Info.plist;
				LD_RUNPATH_SEARCH_PATHS = "$(inherited) @executable_path/Frameworks @loader_path/Frameworks";
				PRODUCT_BUNDLE_IDENTIFIER = sbdk.RoshamboTests;
				PRODUCT_NAME = "$(TARGET_NAME)";
				TEST_HOST = "$(BUILT_PRODUCTS_DIR)/Roshambo.app/Roshambo";
			};
			name = Release;
		};
		BE3F7A4F1BD70B8400388823 /* Debug */ = {
			isa = XCBuildConfiguration;
			buildSettings = {
				INFOPLIST_FILE = RoshamboUITests/Info.plist;
				LD_RUNPATH_SEARCH_PATHS = "$(inherited) @executable_path/Frameworks @loader_path/Frameworks";
				PRODUCT_BUNDLE_IDENTIFIER = sbdk.RoshamboUITests;
				PRODUCT_NAME = "$(TARGET_NAME)";
				TEST_TARGET_NAME = Roshambo;
				USES_XCTRUNNER = YES;
			};
			name = Debug;
		};
		BE3F7A501BD70B8400388823 /* Release */ = {
			isa = XCBuildConfiguration;
			buildSettings = {
				INFOPLIST_FILE = RoshamboUITests/Info.plist;
				LD_RUNPATH_SEARCH_PATHS = "$(inherited) @executable_path/Frameworks @loader_path/Frameworks";
				PRODUCT_BUNDLE_IDENTIFIER = sbdk.RoshamboUITests;
				PRODUCT_NAME = "$(TARGET_NAME)";
				TEST_TARGET_NAME = Roshambo;
				USES_XCTRUNNER = YES;
			};
			name = Release;
		};
/* End XCBuildConfiguration section */

/* Begin XCConfigurationList section */
		BE3F7A1B1BD70B8400388823 /* Build configuration list for PBXProject "Roshambo" */ = {
			isa = XCConfigurationList;
			buildConfigurations = (
				BE3F7A461BD70B8400388823 /* Debug */,
				BE3F7A471BD70B8400388823 /* Release */,
			);
			defaultConfigurationIsVisible = 0;
			defaultConfigurationName = Release;
		};
		BE3F7A481BD70B8400388823 /* Build configuration list for PBXNativeTarget "Roshambo" */ = {
			isa = XCConfigurationList;
			buildConfigurations = (
				BE3F7A491BD70B8400388823 /* Debug */,
				BE3F7A4A1BD70B8400388823 /* Release */,
			);
			defaultConfigurationIsVisible = 0;
		};
		BE3F7A4B1BD70B8400388823 /* Build configuration list for PBXNativeTarget "RoshamboTests" */ = {
			isa = XCConfigurationList;
			buildConfigurations = (
				BE3F7A4C1BD70B8400388823 /* Debug */,
				BE3F7A4D1BD70B8400388823 /* Release */,
			);
			defaultConfigurationIsVisible = 0;
		};
		BE3F7A4E1BD70B8400388823 /* Build configuration list for PBXNativeTarget "RoshamboUITests" */ = {
			isa = XCConfigurationList;
			buildConfigurations = (
				BE3F7A4F1BD70B8400388823 /* Debug */,
				BE3F7A501BD70B8400388823 /* Release */,
			);
			defaultConfigurationIsVisible = 0;
		};
/* End XCConfigurationList section */
	};
	rootObject = BE3F7A181BD70B8400388823 /* Project object */;
}
